PODS:
  - mainpod (0.1.0):
    - SnapKit
  - podDev01 (0.1.0):
    - mainpod
    - SnapKit
  - SnapKit (4.2.0)

DEPENDENCIES:
  - mainpod (from `main`)
  - podDev01 (from `https://github.com/Han-yang/testpod.git`, branch `dev_01`)
  - SnapKit

SPEC REPOS:
  trunk:
    - SnapKit

EXTERNAL SOURCES:
  mainpod:
    :path: main
  podDev01:
    :branch: dev_01
    :git: https://github.com/Han-yang/testpod.git

CHECKOUT OPTIONS:
  podDev01:
    :commit: a29f072167371b89462892e760096afccaa66e19
    :git: https://github.com/Han-yang/testpod.git

SPEC CHECKSUMS:
  mainpod: de9c239ab616313203f03f84e49f16b302c8db1c
  podDev01: 613f3f294c0bf6b3d456f1c5f4d04976cde4dce0
  SnapKit: fe8a619752f3f27075cc9a90244d75c6c3f27e2a

PODFILE CHECKSUM: 1e2e7828d22dd57c7d7b02ad6dee890a867edea7

COCOAPODS: 1.9.3
