PODS:
  - testpod_hy (0.1.1)

DEPENDENCIES:
  - testpod_hy (from `https://github.com/Han-yang/testpod.git`)

EXTERNAL SOURCES:
  testpod_hy:
    :git: https://github.com/Han-yang/testpod.git

CHECKOUT OPTIONS:
  testpod_hy:
    :commit: 5eb4a4cc2b080bcf3c8d9a59bb84c5705e46cce5
    :git: https://github.com/Han-yang/testpod.git

SPEC CHECKSUMS:
  testpod_hy: 771ad7835eac540e39ba056b35244d573634f0f8

PODFILE CHECKSUM: 3799cb24b54e6dafc1a85c35e5d24e9ca4422d05

COCOAPODS: 1.8.4
